
Microsoft Visual Studio Solution File, Format Version 12.00
# Visual Studio Version 17
VisualStudioVersion = 17.3.32825.248
MinimumVisualStudioVersion = 10.0.40219.1
Project("{FAE04EC0-301F-11D3-BF4B-00C04F79EFBC}") = "aspnetwebapp", "aspnetwebapp.csproj", "{DA0DB6B8-72E5-4FC7-BB8C-C7C10F5AEC92}"
EndProject
Global
	GlobalSection(SolutionConfigurationPlatforms) = preSolution
		Debug|Any CPU = Debug|Any CPU
		Release|Any CPU = Release|Any CPU
	EndGlobalSection
	GlobalSection(ProjectConfigurationPlatforms) = postSolution
		{DA0DB6B8-72E5-4FC7-BB8C-C7C10F5AEC92}.Debug|Any CPU.ActiveCfg = Debug|Any CPU
		{DA0DB6B8-72E5-4FC7-BB8C-C7C10F5AEC92}.Debug|Any CPU.Build.0 = Debug|Any CPU
		{DA0DB6B8-72E5-4FC7-BB8C-C7C10F5AEC92}.Release|Any CPU.ActiveCfg = Release|Any CPU
		{DA0DB6B8-72E5-4FC7-BB8C-C7C10F5AEC92}.Release|Any CPU.Build.0 = Release|Any CPU
	EndGlobalSection
	GlobalSection(SolutionProperties) = preSolution
		HideSolutionNode = FALSE
	EndGlobalSection
	GlobalSection(ExtensibilityGlobals) = postSolution
		SolutionGuid = {E0A10486-2126-4529-9DB1-714EFCC30E97}
	EndGlobalSection
EndGlobal
